// !$*UTF8*$!
{
	archiveVersion = 1;
	classes = {
	};
	objectVersion = 46;
	objects = {

/* Begin PBXBuildFile section */
		5C62923F1C15DAA4009C48D1 /* main.m in Sources */ = {isa = PBXBuildFile; fileRef = 5C62923E1C15DAA4009C48D1 /* main.m */; };
		5C6292471C15DACA009C48D1 /* qqwry.c in Sources */ = {isa = PBXBuildFile; fileRef = 5C6292451C15DACA009C48D1 /* qqwry.c */; };
/* End PBXBuildFile section */

/* Begin PBXCopyFilesBuildPhase section */
		5C6292391C15DAA4009C48D1 /* CopyFiles */ = {
			isa = PBXCopyFilesBuildPhase;
			buildActionMask = 2147483647;
			dstPath = /usr/share/man/man1/;
			dstSubfolderSpec = 0;
			files = (
			);
			runOnlyForDeploymentPostprocessing = 1;
		};
/* End PBXCopyFilesBuildPhase section */

/* Begin PBXFileReference section */
		5C62923B1C15DAA4009C48D1 /* nali-ng */ = {isa = PBXFileReference; explicitFileType = "compiled.mach-o.executable"; includeInIndex = 0; path = "nali-ng"; sourceTree = BUILT_PRODUCTS_DIR; };
		5C62923E1C15DAA4009C48D1 /* main.m */ = {isa = PBXFileReference; lastKnownFileType = sourcecode.c.objc; path = main.m; sourceTree = "<group>"; };
		5C6292451C15DACA009C48D1 /* qqwry.c */ = {isa = PBXFileReference; fileEncoding = 4; lastKnownFileType = sourcecode.c.c; path = qqwry.c; sourceTree = "<group>"; };
		5C6292461C15DACA009C48D1 /* qqwry.h */ = {isa = PBXFileReference; fileEncoding = 4; lastKnownFileType = sourcecode.c.h; path = qqwry.h; sourceTree = "<group>"; };
/* End PBXFileReference section */

/* Begin PBXFrameworksBuildPhase section */
		5C6292381C15DAA4009C48D1 /* Frameworks */ = {
			isa = PBXFrameworksBuildPhase;
			buildActionMask = 2147483647;
			files = (
			);
			runOnlyForDeploymentPostprocessing = 0;
		};
/* End PBXFrameworksBuildPhase section */

/* Begin PBXGroup section */
		5C6292321C15DAA4009C48D1 = {
			isa = PBXGroup;
			children = (
				5C62923D1C15DAA4009C48D1 /* nali-ng */,
				5C62923C1C15DAA4009C48D1 /* Products */,
			);
			sourceTree = "<group>";
		};
		5C62923C1C15DAA4009C48D1 /* Products */ = {
			isa = PBXGroup;
			children = (
				5C62923B1C15DAA4009C48D1 /* nali-ng */,
			);
			name = Products;
			sourceTree = "<group>";
		};
		5C62923D1C15DAA4009C48D1 /* nali-ng */ = {
			isa = PBXGroup;
			children = (
				5C62923E1C15DAA4009C48D1 /* main.m */,
				5C6292451C15DACA009C48D1 /* qqwry.c */,
				5C6292461C15DACA009C48D1 /* qqwry.h */,
			);
			path = "nali-ng";
			sourceTree = "<group>";
		};
/* End PBXGroup section */

/* Begin PBXNativeTarget section */
		5C62923A1C15DAA4009C48D1 /* nali-ng */ = {
			isa = PBXNativeTarget;
			buildConfigurationList = 5C6292421C15DAA4009C48D1 /* Build configuration list for PBXNativeTarget "nali-ng" */;
			buildPhases = (
				5C6292371C15DAA4009C48D1 /* Sources */,
				5C6292381C15DAA4009C48D1 /* Frameworks */,
				5C6292391C15DAA4009C48D1 /* CopyFiles */,
			);
			buildRules = (
			);
			dependencies = (
			);
			name = "nali-ng";
			productName = "nali-ng";
			productReference = 5C62923B1C15DAA4009C48D1 /* nali-ng */;
			productType = "com.apple.product-type.tool";
		};
/* End PBXNativeTarget section */

/* Begin PBXProject section */
		5C6292331C15DAA4009C48D1 /* Project object */ = {
			isa = PBXProject;
			attributes = {
				LastUpgradeCheck = 0710;
				ORGANIZATIONNAME = wenlong;
				TargetAttributes = {
					5C62923A1C15DAA4009C48D1 = {
						CreatedOnToolsVersion = 7.1.1;
					};
				};
			};
			buildConfigurationList = 5C6292361C15DAA4009C48D1 /* Build configuration list for PBXProject "nali-ng" */;
			compatibilityVersion = "Xcode 3.2";
			developmentRegion = English;
			hasScannedForEncodings = 0;
			knownRegions = (
				en,
			);
			mainGroup = 5C6292321C15DAA4009C48D1;
			productRefGroup = 5C62923C1C15DAA4009C48D1 /* Products */;
			projectDirPath = "";
			projectRoot = "";
			targets = (
				5C62923A1C15DAA4009C48D1 /* nali-ng */,
			);
		};
/* End PBXProject section */

/* Begin PBXSourcesBuildPhase section */
		5C6292371C15DAA4009C48D1 /* Sources */ = {
			isa = PBXSourcesBuildPhase;
			buildActionMask = 2147483647;
			files = (
				5C6292471C15DACA009C48D1 /* qqwry.c in Sources */,
				5C62923F1C15DAA4009C48D1 /* main.m in Sources */,
			);
			runOnlyForDeploymentPostprocessing = 0;
		};
/* End PBXSourcesBuildPhase section */

/* Begin XCBuildConfiguration section */
		5C6292401C15DAA4009C48D1 /* Debug */ = {
			isa = XCBuildConfiguration;
			buildSettings = {
				ALWAYS_SEARCH_USER_PATHS = NO;
				CLANG_CXX_LANGUAGE_STANDARD = "gnu++0x";
				CLANG_CXX_LIBRARY = "libc++";
				CLANG_ENABLE_MODULES = YES;
				CLANG_ENABLE_OBJC_ARC = YES;
				CLANG_WARN_BOOL_CONVERSION = YES;
				CLANG_WARN_CONSTANT_CONVERSION = YES;
				CLANG_WARN_DIRECT_OBJC_ISA_USAGE = YES_ERROR;
				CLANG_WARN_EMPTY_BODY = YES;
				CLANG_WARN_ENUM_CONVERSION = YES;
				CLANG_WARN_INT_CONVERSION = YES;
				CLANG_WARN_OBJC_ROOT_CLASS = YES_ERROR;
				CLANG_WARN_UNREACHABLE_CODE = YES;
				CLANG_WARN__DUPLICATE_METHOD_MATCH = YES;
				CODE_SIGN_IDENTITY = "-";
				COPY_PHASE_STRIP = NO;
				DEBUG_INFORMATION_FORMAT = dwarf;
				ENABLE_STRICT_OBJC_MSGSEND = YES;
				ENABLE_TESTABILITY = YES;
				GCC_C_LANGUAGE_STANDARD = gnu99;
				GCC_DYNAMIC_NO_PIC = NO;
				GCC_NO_COMMON_BLOCKS = YES;
				GCC_OPTIMIZATION_LEVEL = 0;
				GCC_PREPROCESSOR_DEFINITIONS = (
					"DEBUG=1",
					"$(inherited)",
				);
				GCC_WARN_64_TO_32_BIT_CONVERSION = YES;
				GCC_WARN_ABOUT_RETURN_TYPE = YES_ERROR;
				GCC_WARN_UNDECLARED_SELECTOR = YES;
				GCC_WARN_UNINITIALIZED_AUTOS = YES_AGGRESSIVE;
				GCC_WARN_UNUSED_FUNCTION = YES;
				GCC_WARN_UNUSED_VARIABLE = YES;
				MACOSX_DEPLOYMENT_TARGET = 10.11;
				MTL_ENABLE_DEBUG_INFO = YES;
				ONLY_ACTIVE_ARCH = YES;
				SDKROOT = macosx;
			};
			name = Debug;
		};
		5C6292411C15DAA4009C48D1 /* Release */ = {
			isa = XCBuildConfiguration;
			buildSettings = {
				ALWAYS_SEARCH_USER_PATHS = NO;
				CLANG_CXX_LANGUAGE_STANDARD = "gnu++0x";
				CLANG_CXX_LIBRARY = "libc++";
				CLANG_ENABLE_MODULES = YES;
				CLANG_ENABLE_OBJC_ARC = YES;
				CLANG_WARN_BOOL_CONVERSION = YES;
				CLANG_WARN_CONSTANT_CONVERSION = YES;
				CLANG_WARN_DIRECT_OBJC_ISA_USAGE = YES_ERROR;
				CLANG_WARN_EMPTY_BODY = YES;
				CLANG_WARN_ENUM_CONVERSION = YES;
				CLANG_WARN_INT_CONVERSION = YES;
				CLANG_WARN_OBJC_ROOT_CLASS = YES_ERROR;
				CLANG_WARN_UNREACHABLE_CODE = YES;
				CLANG_WARN__DUPLICATE_METHOD_MATCH = YES;
				CODE_SIGN_IDENTITY = "-";
				COPY_PHASE_STRIP = NO;
				DEBUG_INFORMATION_FORMAT = "dwarf-with-dsym";
				ENABLE_NS_ASSERTIONS = NO;
				ENABLE_STRICT_OBJC_MSGSEND = YES;
				GCC_C_LANGUAGE_STANDARD = gnu99;
				GCC_NO_COMMON_BLOCKS = YES;
				GCC_WARN_64_TO_32_BIT_CONVERSION = YES;
				GCC_WARN_ABOUT_RETURN_TYPE = YES_ERROR;
				GCC_WARN_UNDECLARED_SELECTOR = YES;
				GCC_WARN_UNINITIALIZED_AUTOS = YES_AGGRESSIVE;
				GCC_WARN_UNUSED_FUNCTION = YES;
				GCC_WARN_UNUSED_VARIABLE = YES;
				MACOSX_DEPLOYMENT_TARGET = 10.11;
				MTL_ENABLE_DEBUG_INFO = NO;
				SDKROOT = macosx;
			};
			name = Release;
		};
		5C6292431C15DAA4009C48D1 /* Debug */ = {
			isa = XCBuildConfiguration;
			buildSettings = {
				PRODUCT_NAME = "$(TARGET_NAME)";
			};
			name = Debug;
		};
		5C6292441C15DAA4009C48D1 /* Release */ = {
			isa = XCBuildConfiguration;
			buildSettings = {
				PRODUCT_NAME = "$(TARGET_NAME)";
			};
			name = Release;
		};
/* End XCBuildConfiguration section */

/* Begin XCConfigurationList section */
		5C6292361C15DAA4009C48D1 /* Build configuration list for PBXProject "nali-ng" */ = {
			isa = XCConfigurationList;
			buildConfigurations = (
				5C6292401C15DAA4009C48D1 /* Debug */,
				5C6292411C15DAA4009C48D1 /* Release */,
			);
			defaultConfigurationIsVisible = 0;
			defaultConfigurationName = Release;
		};
		5C6292421C15DAA4009C48D1 /* Build configuration list for PBXNativeTarget "nali-ng" */ = {
			isa = XCConfigurationList;
			buildConfigurations = (
				5C6292431C15DAA4009C48D1 /* Debug */,
				5C6292441C15DAA4009C48D1 /* Release */,
			);
			defaultConfigurationIsVisible = 0;
		};
/* End XCConfigurationList section */
	};
	rootObject = 5C6292331C15DAA4009C48D1 /* Project object */;
}
